
Microsoft Visual Studio Solution File, Format Version 12.00
# Visual Studio Version 17
VisualStudioVersion = 17.0.31903.59
MinimumVisualStudioVersion = 10.0.40219.1
Project("{F2A71F9B-5D33-465A-A702-920D77279786}") = "MyCalendar", "src\MyCalendar.fsproj", "{9B7FF7A8-9BE0-487D-88B7-09F3CC619429}"
EndProject
Project("{F2A71F9B-5D33-465A-A702-920D77279786}") = "MyCalendar.Test", "test\MyCalendar.Test.fsproj", "{3D157F67-E72F-424C-A5E4-CB02D98CC832}"
EndProject
Global
	GlobalSection(SolutionConfigurationPlatforms) = preSolution
		Debug|Any CPU = Debug|Any CPU
		Release|Any CPU = Release|Any CPU
	EndGlobalSection
	GlobalSection(SolutionProperties) = preSolution
		HideSolutionNode = FALSE
	EndGlobalSection
	GlobalSection(ProjectConfigurationPlatforms) = postSolution
		{9B7FF7A8-9BE0-487D-88B7-09F3CC619429}.Debug|Any CPU.ActiveCfg = Debug|Any CPU
		{9B7FF7A8-9BE0-487D-88B7-09F3CC619429}.Debug|Any CPU.Build.0 = Debug|Any CPU
		{9B7FF7A8-9BE0-487D-88B7-09F3CC619429}.Release|Any CPU.ActiveCfg = Release|Any CPU
		{9B7FF7A8-9BE0-487D-88B7-09F3CC619429}.Release|Any CPU.Build.0 = Release|Any CPU
		{3D157F67-E72F-424C-A5E4-CB02D98CC832}.Debug|Any CPU.ActiveCfg = Debug|Any CPU
		{3D157F67-E72F-424C-A5E4-CB02D98CC832}.Debug|Any CPU.Build.0 = Debug|Any CPU
		{3D157F67-E72F-424C-A5E4-CB02D98CC832}.Release|Any CPU.ActiveCfg = Release|Any CPU
		{3D157F67-E72F-424C-A5E4-CB02D98CC832}.Release|Any CPU.Build.0 = Release|Any CPU
	EndGlobalSection
EndGlobal
